
Microsoft Visual Studio Solution File, Format Version 12.00
# Visual Studio Version 17
VisualStudioVersion = 17.3.32901.215
MinimumVisualStudioVersion = 10.0.40219.1
Project("{9A19103F-16F7-4668-BE54-9A1E7A4F7556}") = "DinoLauncher", "DinoLauncher\DinoLauncher.csproj", "{6E41E363-8EBF-455A-A54F-DCB01170D619}"
EndProject
Project("{9A19103F-16F7-4668-BE54-9A1E7A4F7556}") = "DinoLauncherLib", "DinoLauncherLib\DinoLauncherLib.csproj", "{9E2D76D4-EA0D-4C91-B184-E2B957E97418}"
EndProject
Project("{2150E333-8FDC-42A3-9474-1A3956D46DE8}") = "Solution Items", "Solution Items", "{341FDF45-731A-4BB6-A1B3-9769091BF75E}"
	ProjectSection(SolutionItems) = preProject
		.editorconfig = .editorconfig
	EndProjectSection
EndProject
Global
	GlobalSection(SolutionConfigurationPlatforms) = preSolution
		Debug|Any CPU = Debug|Any CPU
		Release|Any CPU = Release|Any CPU
	EndGlobalSection
	GlobalSection(ProjectConfigurationPlatforms) = postSolution
		{6E41E363-8EBF-455A-A54F-DCB01170D619}.Debug|Any CPU.ActiveCfg = Debug|Any CPU
		{6E41E363-8EBF-455A-A54F-DCB01170D619}.Debug|Any CPU.Build.0 = Debug|Any CPU
		{6E41E363-8EBF-455A-A54F-DCB01170D619}.Release|Any CPU.ActiveCfg = Release|Any CPU
		{6E41E363-8EBF-455A-A54F-DCB01170D619}.Release|Any CPU.Build.0 = Release|Any CPU
		{9E2D76D4-EA0D-4C91-B184-E2B957E97418}.Debug|Any CPU.ActiveCfg = Debug|Any CPU
		{9E2D76D4-EA0D-4C91-B184-E2B957E97418}.Debug|Any CPU.Build.0 = Debug|Any CPU
		{9E2D76D4-EA0D-4C91-B184-E2B957E97418}.Release|Any CPU.ActiveCfg = Release|Any CPU
		{9E2D76D4-EA0D-4C91-B184-E2B957E97418}.Release|Any CPU.Build.0 = Release|Any CPU
	EndGlobalSection
	GlobalSection(SolutionProperties) = preSolution
		HideSolutionNode = FALSE
	EndGlobalSection
	GlobalSection(ExtensibilityGlobals) = postSolution
		SolutionGuid = {BA6A9A1D-383F-4078-ADA4-5CE8EACCDECD}
	EndGlobalSection
EndGlobal
